{
  "originHash" : "c5ce8b587014b8ea00da6aba9af05f48e229b6c0d08b6452d0327191f9472bac",
  "pins" : [
    {
      "identity" : "liquidglasseffect",
      "kind" : "remoteSourceControl",
      "location" : "https://github.com/Lincb522/LiquidGlassEffect.git",
      "state" : {
        "revision" : "9d7b23be661cb519b355cdc26c7f12816b1b2f9e",
        "version" : "2.1.0"
      }
    }
  ],
  "version" : 3
}
