{
  "originHash" : "b48b096fd62ad0fb76d40ee9670cbe5a55f6b92ef907e1a254b1383f59df5f7c",
  "pins" : [
    {
      "identity" : "ffmpegswiftsdk",
      "kind" : "remoteSourceControl",
      "location" : "https://github.com/Lincb522/FFmpegSwiftSDK.git",
      "state" : {
        "revision" : "2161c42d3d6a0995e8538a8aa9de5c523be9ad2f",
        "version" : "1.3.1"
      }
    },
    {
      "identity" : "liquidglass",
      "kind" : "remoteSourceControl",
      "location" : "https://github.com/BarredEwe/LiquidGlass.git",
      "state" : {
        "revision" : "a7061fae8cac521fa4215b37a18aa9b66aaa8fe0",
        "version" : "0.8.0"
      }
    },
    {
      "identity" : "musickit",
      "kind" : "remoteSourceControl",
      "location" : "https://github.com/Lincb522/MusicKit.git",
      "state" : {
        "revision" : "18c63128669681f6ecb707da4bdf99d22e89736a",
        "version" : "1.1.1"
      }
    },
    {
      "identity" : "neteasecloudmusicapi-swift",
      "kind" : "remoteSourceControl",
      "location" : "https://github.com/Lincb522/NeteaseCloudMusicAPI-Swift.git",
      "state" : {
        "revision" : "d3a77da8a7b6871a2e109c2f82b5a9d958f04ac9",
        "version" : "1.4.1"
      }
    }
  ],
  "version" : 3
}
