{
  "pins" : [
    {
      "identity" : "ffmpegswiftsdk",
      "kind" : "remoteSourceControl",
      "location" : "https://github.com/Lincb522/FFmpegSwiftSDK.git",
      "state" : {
        "revision" : "2807a6cc1773827d1373cc1325c8a6b6ecf110cc",
        "version" : "0.12.2"
      }
    },
    {
      "identity" : "liquidglasseffect",
      "kind" : "remoteSourceControl",
      "location" : "https://github.com/Lincb522/LiquidGlassEffect.git",
      "state" : {
        "revision" : "9d7b23be661cb519b355cdc26c7f12816b1b2f9e",
        "version" : "2.1.0"
      }
    },
    {
      "identity" : "neteasecloudmusicapi-swift",
      "kind" : "remoteSourceControl",
      "location" : "https://github.com/Lincb522/NeteaseCloudMusicAPI-Swift.git",
      "state" : {
        "revision" : "394ae90f98a23c6d802ccc7a252b5d74b328ec42",
        "version" : "1.3.6"
      }
    }
  ],
  "version" : 2
}
